
Microsoft Visual Studio Solution File, Format Version 12.00
# Visual Studio Version 17
VisualStudioVersion = 17.1.32421.90
MinimumVisualStudioVersion = 10.0.40219.1
Project("{9A19103F-16F7-4668-BE54-9A1E7A4F7556}") = "DWSIMCore", "DWSIMCore\DWSIMCore.csproj", "{EE2FA500-4109-4BA3-8919-52F991FA4995}"
EndProject
Project("{778DAE3C-4631-46EA-AA77-85C1314464D9}") = "DWSIMCore.Foundation", "DWSIMCore.Foundation\DWSIMCore.Foundation.vbproj", "{B70847D2-9C0A-4025-B69E-9C193D01ED09}"
EndProject
Project("{9A19103F-16F7-4668-BE54-9A1E7A4F7556}") = "DWSIMCore.Tests", "DWSIMCore.Tests\DWSIMCore.Tests.csproj", "{8317A62E-9D97-4BA1-853E-1E565ACF0CA7}"
EndProject
Project("{9A19103F-16F7-4668-BE54-9A1E7A4F7556}") = "DWSIMCore.Foundation.CSharp", "DWSIMCore.Foundation.CSharp\DWSIMCore.Foundation.CSharp.csproj", "{6AFA3ADD-5C28-4ABC-A34B-233779876A1E}"
EndProject
Global
	GlobalSection(SolutionConfigurationPlatforms) = preSolution
		Debug|Any CPU = Debug|Any CPU
		Release|Any CPU = Release|Any CPU
	EndGlobalSection
	GlobalSection(ProjectConfigurationPlatforms) = postSolution
		{EE2FA500-4109-4BA3-8919-52F991FA4995}.Debug|Any CPU.ActiveCfg = Debug|Any CPU
		{EE2FA500-4109-4BA3-8919-52F991FA4995}.Debug|Any CPU.Build.0 = Debug|Any CPU
		{EE2FA500-4109-4BA3-8919-52F991FA4995}.Release|Any CPU.ActiveCfg = Release|Any CPU
		{EE2FA500-4109-4BA3-8919-52F991FA4995}.Release|Any CPU.Build.0 = Release|Any CPU
		{B70847D2-9C0A-4025-B69E-9C193D01ED09}.Debug|Any CPU.ActiveCfg = Debug|Any CPU
		{B70847D2-9C0A-4025-B69E-9C193D01ED09}.Debug|Any CPU.Build.0 = Debug|Any CPU
		{B70847D2-9C0A-4025-B69E-9C193D01ED09}.Release|Any CPU.ActiveCfg = Release|Any CPU
		{B70847D2-9C0A-4025-B69E-9C193D01ED09}.Release|Any CPU.Build.0 = Release|Any CPU
		{8317A62E-9D97-4BA1-853E-1E565ACF0CA7}.Debug|Any CPU.ActiveCfg = Debug|Any CPU
		{8317A62E-9D97-4BA1-853E-1E565ACF0CA7}.Debug|Any CPU.Build.0 = Debug|Any CPU
		{8317A62E-9D97-4BA1-853E-1E565ACF0CA7}.Release|Any CPU.ActiveCfg = Release|Any CPU
		{8317A62E-9D97-4BA1-853E-1E565ACF0CA7}.Release|Any CPU.Build.0 = Release|Any CPU
		{6AFA3ADD-5C28-4ABC-A34B-233779876A1E}.Debug|Any CPU.ActiveCfg = Debug|Any CPU
		{6AFA3ADD-5C28-4ABC-A34B-233779876A1E}.Debug|Any CPU.Build.0 = Debug|Any CPU
		{6AFA3ADD-5C28-4ABC-A34B-233779876A1E}.Release|Any CPU.ActiveCfg = Release|Any CPU
		{6AFA3ADD-5C28-4ABC-A34B-233779876A1E}.Release|Any CPU.Build.0 = Release|Any CPU
	EndGlobalSection
	GlobalSection(SolutionProperties) = preSolution
		HideSolutionNode = FALSE
	EndGlobalSection
	GlobalSection(ExtensibilityGlobals) = postSolution
		SolutionGuid = {9EFDCF8A-0E9F-4538-A358-39D2EB8DD5D9}
	EndGlobalSection
EndGlobal
